// !$*UTF8*$!
{
	archiveVersion = 1;
	classes = {
	};
	objectVersion = 50;
	objects = {

/* Begin PBXBuildFile section */
		7B9CD01325BF42970025508C /* CATastrophe.xcdatamodeld in Sources */ = {isa = PBXBuildFile; fileRef = 7BF1F93B25B9F23800AC8E68 /* CATastrophe.xcdatamodeld */; };
		7BF1F93125B9F23600AC8E68 /* CATastropheApp.swift in Sources */ = {isa = PBXBuildFile; fileRef = 7BF1F93025B9F23600AC8E68 /* CATastropheApp.swift */; };
		7BF1F93325B9F23600AC8E68 /* ContentView.swift in Sources */ = {isa = PBXBuildFile; fileRef = 7BF1F93225B9F23600AC8E68 /* ContentView.swift */; };
		7BF1F93525B9F23800AC8E68 /* Assets.xcassets in Resources */ = {isa = PBXBuildFile; fileRef = 7BF1F93425B9F23800AC8E68 /* Assets.xcassets */; };
		7BF1F93825B9F23800AC8E68 /* Preview Assets.xcassets in Resources */ = {isa = PBXBuildFile; fileRef = 7BF1F93725B9F23800AC8E68 /* Preview Assets.xcassets */; };
		7BF1F93A25B9F23800AC8E68 /* Persistence.swift in Sources */ = {isa = PBXBuildFile; fileRef = 7BF1F93925B9F23800AC8E68 /* Persistence.swift */; };
		7BF1F94825B9F23800AC8E68 /* CATastropheTests.swift in Sources */ = {isa = PBXBuildFile; fileRef = 7BF1F94725B9F23800AC8E68 /* CATastropheTests.swift */; };
		7BF1F95325B9F23800AC8E68 /* CATastropheUITests.swift in Sources */ = {isa = PBXBuildFile; fileRef = 7BF1F95225B9F23800AC8E68 /* CATastropheUITests.swift */; };
		7BF1F96C25BA284000AC8E68 /* Category.swift in Sources */ = {isa = PBXBuildFile; fileRef = 7BF1F96B25BA284000AC8E68 /* Category.swift */; };
		7BF1F97125BA285500AC8E68 /* CatImage.swift in Sources */ = {isa = PBXBuildFile; fileRef = 7BF1F97025BA285500AC8E68 /* CatImage.swift */; };
		7BF1F97925BB5DEC00AC8E68 /* APICall.swift in Sources */ = {isa = PBXBuildFile; fileRef = 7BF1F97825BB5DEC00AC8E68 /* APICall.swift */; };
		7BF1F98C25BB84E000AC8E68 /* CategoryCD+CoreDataClass.swift in Sources */ = {isa = PBXBuildFile; fileRef = 7BF1F98825BB84E000AC8E68 /* CategoryCD+CoreDataClass.swift */; };
		7BF1F98D25BB84E000AC8E68 /* CategoryCD+CoreDataProperties.swift in Sources */ = {isa = PBXBuildFile; fileRef = 7BF1F98925BB84E000AC8E68 /* CategoryCD+CoreDataProperties.swift */; };
		7BF1F98E25BB84E000AC8E68 /* CatUpvote+CoreDataClass.swift in Sources */ = {isa = PBXBuildFile; fileRef = 7BF1F98A25BB84E000AC8E68 /* CatUpvote+CoreDataClass.swift */; };
		7BF1F98F25BB84E000AC8E68 /* CatUpvote+CoreDataProperties.swift in Sources */ = {isa = PBXBuildFile; fileRef = 7BF1F98B25BB84E000AC8E68 /* CatUpvote+CoreDataProperties.swift */; };
		7BF1F99725BF37F100AC8E68 /* CatVoteView.swift in Sources */ = {isa = PBXBuildFile; fileRef = 7BF1F99625BF37F100AC8E68 /* CatVoteView.swift */; };
		7BF1F99C25BF380A00AC8E68 /* CatVoteViewModel.swift in Sources */ = {isa = PBXBuildFile; fileRef = 7BF1F99B25BF380A00AC8E68 /* CatVoteViewModel.swift */; };
/* End PBXBuildFile section */

/* Begin PBXContainerItemProxy section */
		7BF1F94425B9F23800AC8E68 /* PBXContainerItemProxy */ = {
			isa = PBXContainerItemProxy;
			containerPortal = 7BF1F92525B9F23600AC8E68 /* Project object */;
			proxyType = 1;
			remoteGlobalIDString = 7BF1F92C25B9F23600AC8E68;
			remoteInfo = CATastrophe;
		};
		7BF1F94F25B9F23800AC8E68 /* PBXContainerItemProxy */ = {
			isa = PBXContainerItemProxy;
			containerPortal = 7BF1F92525B9F23600AC8E68 /* Project object */;
			proxyType = 1;
			remoteGlobalIDString = 7BF1F92C25B9F23600AC8E68;
			remoteInfo = CATastrophe;
		};
/* End PBXContainerItemProxy section */

/* Begin PBXFileReference section */
		7BF1F92D25B9F23600AC8E68 /* CATastrophe.app */ = {isa = PBXFileReference; explicitFileType = wrapper.application; includeInIndex = 0; path = CATastrophe.app; sourceTree = BUILT_PRODUCTS_DIR; };
		7BF1F93025B9F23600AC8E68 /* CATastropheApp.swift */ = {isa = PBXFileReference; lastKnownFileType = sourcecode.swift; path = CATastropheApp.swift; sourceTree = "<group>"; };
		7BF1F93225B9F23600AC8E68 /* ContentView.swift */ = {isa = PBXFileReference; lastKnownFileType = sourcecode.swift; path = ContentView.swift; sourceTree = "<group>"; };
		7BF1F93425B9F23800AC8E68 /* Assets.xcassets */ = {isa = PBXFileReference; lastKnownFileType = folder.assetcatalog; path = Assets.xcassets; sourceTree = "<group>"; };
		7BF1F93725B9F23800AC8E68 /* Preview Assets.xcassets */ = {isa = PBXFileReference; lastKnownFileType = folder.assetcatalog; path = "Preview Assets.xcassets"; sourceTree = "<group>"; };
		7BF1F93925B9F23800AC8E68 /* Persistence.swift */ = {isa = PBXFileReference; lastKnownFileType = sourcecode.swift; path = Persistence.swift; sourceTree = "<group>"; };
		7BF1F93C25B9F23800AC8E68 /* CATastrophe.xcdatamodel */ = {isa = PBXFileReference; lastKnownFileType = wrapper.xcdatamodel; path = CATastrophe.xcdatamodel; sourceTree = "<group>"; };
		7BF1F93E25B9F23800AC8E68 /* Info.plist */ = {isa = PBXFileReference; lastKnownFileType = text.plist.xml; path = Info.plist; sourceTree = "<group>"; };
		7BF1F94325B9F23800AC8E68 /* CATastropheTests.xctest */ = {isa = PBXFileReference; explicitFileType = wrapper.cfbundle; includeInIndex = 0; path = CATastropheTests.xctest; sourceTree = BUILT_PRODUCTS_DIR; };
		7BF1F94725B9F23800AC8E68 /* CATastropheTests.swift */ = {isa = PBXFileReference; lastKnownFileType = sourcecode.swift; path = CATastropheTests.swift; sourceTree = "<group>"; };
		7BF1F94925B9F23800AC8E68 /* Info.plist */ = {isa = PBXFileReference; lastKnownFileType = text.plist.xml; path = Info.plist; sourceTree = "<group>"; };
		7BF1F94E25B9F23800AC8E68 /* CATastropheUITests.xctest */ = {isa = PBXFileReference; explicitFileType = wrapper.cfbundle; includeInIndex = 0; path = CATastropheUITests.xctest; sourceTree = BUILT_PRODUCTS_DIR; };
		7BF1F95225B9F23800AC8E68 /* CATastropheUITests.swift */ = {isa = PBXFileReference; lastKnownFileType = sourcecode.swift; path = CATastropheUITests.swift; sourceTree = "<group>"; };
		7BF1F95425B9F23800AC8E68 /* Info.plist */ = {isa = PBXFileReference; lastKnownFileType = text.plist.xml; path = Info.plist; sourceTree = "<group>"; };
		7BF1F96B25BA284000AC8E68 /* Category.swift */ = {isa = PBXFileReference; lastKnownFileType = sourcecode.swift; path = Category.swift; sourceTree = "<group>"; };
		7BF1F97025BA285500AC8E68 /* CatImage.swift */ = {isa = PBXFileReference; lastKnownFileType = sourcecode.swift; path = CatImage.swift; sourceTree = "<group>"; };
		7BF1F97825BB5DEC00AC8E68 /* APICall.swift */ = {isa = PBXFileReference; lastKnownFileType = sourcecode.swift; path = APICall.swift; sourceTree = "<group>"; };
		7BF1F98825BB84E000AC8E68 /* CategoryCD+CoreDataClass.swift */ = {isa = PBXFileReference; lastKnownFileType = sourcecode.swift; path = "CategoryCD+CoreDataClass.swift"; sourceTree = "<group>"; };
		7BF1F98925BB84E000AC8E68 /* CategoryCD+CoreDataProperties.swift */ = {isa = PBXFileReference; lastKnownFileType = sourcecode.swift; path = "CategoryCD+CoreDataProperties.swift"; sourceTree = "<group>"; };
		7BF1F98A25BB84E000AC8E68 /* CatUpvote+CoreDataClass.swift */ = {isa = PBXFileReference; lastKnownFileType = sourcecode.swift; path = "CatUpvote+CoreDataClass.swift"; sourceTree = "<group>"; };
		7BF1F98B25BB84E000AC8E68 /* CatUpvote+CoreDataProperties.swift */ = {isa = PBXFileReference; lastKnownFileType = sourcecode.swift; path = "CatUpvote+CoreDataProperties.swift"; sourceTree = "<group>"; };
		7BF1F99625BF37F100AC8E68 /* CatVoteView.swift */ = {isa = PBXFileReference; lastKnownFileType = sourcecode.swift; path = CatVoteView.swift; sourceTree = "<group>"; };
		7BF1F99B25BF380A00AC8E68 /* CatVoteViewModel.swift */ = {isa = PBXFileReference; lastKnownFileType = sourcecode.swift; path = CatVoteViewModel.swift; sourceTree = "<group>"; };
/* End PBXFileReference section */

/* Begin PBXFrameworksBuildPhase section */
		7BF1F92A25B9F23600AC8E68 /* Frameworks */ = {
			isa = PBXFrameworksBuildPhase;
			buildActionMask = 2147483647;
			files = (
			);
			runOnlyForDeploymentPostprocessing = 0;
		};
		7BF1F94025B9F23800AC8E68 /* Frameworks */ = {
			isa = PBXFrameworksBuildPhase;
			buildActionMask = 2147483647;
			files = (
			);
			runOnlyForDeploymentPostprocessing = 0;
		};
		7BF1F94B25B9F23800AC8E68 /* Frameworks */ = {
			isa = PBXFrameworksBuildPhase;
			buildActionMask = 2147483647;
			files = (
			);
			runOnlyForDeploymentPostprocessing = 0;
		};
/* End PBXFrameworksBuildPhase section */

/* Begin PBXGroup section */
		7BF1F92425B9F23600AC8E68 = {
			isa = PBXGroup;
			children = (
				7BF1F92F25B9F23600AC8E68 /* CATastrophe */,
				7BF1F94625B9F23800AC8E68 /* CATastropheTests */,
				7BF1F95125B9F23800AC8E68 /* CATastropheUITests */,
				7BF1F92E25B9F23600AC8E68 /* Products */,
			);
			sourceTree = "<group>";
		};
		7BF1F92E25B9F23600AC8E68 /* Products */ = {
			isa = PBXGroup;
			children = (
				7BF1F92D25B9F23600AC8E68 /* CATastrophe.app */,
				7BF1F94325B9F23800AC8E68 /* CATastropheTests.xctest */,
				7BF1F94E25B9F23800AC8E68 /* CATastropheUITests.xctest */,
			);
			name = Products;
			sourceTree = "<group>";
		};
		7BF1F92F25B9F23600AC8E68 /* CATastrophe */ = {
			isa = PBXGroup;
			children = (
				7BF1F96725B9F2F200AC8E68 /* LocalDataBase */,
				7BF1F96625B9F2E000AC8E68 /* WebService */,
				7BF1F96525B9F2D900AC8E68 /* View */,
				7BF1F96425B9F2D200AC8E68 /* ViewModel */,
				7BF1F96325B9F2C900AC8E68 /* Model */,
				7BF1F93025B9F23600AC8E68 /* CATastropheApp.swift */,
				7BF1F93225B9F23600AC8E68 /* ContentView.swift */,
				7BF1F93425B9F23800AC8E68 /* Assets.xcassets */,
				7BF1F93925B9F23800AC8E68 /* Persistence.swift */,
				7BF1F93E25B9F23800AC8E68 /* Info.plist */,
				7BF1F93B25B9F23800AC8E68 /* CATastrophe.xcdatamodeld */,
				7BF1F93625B9F23800AC8E68 /* Preview Content */,
			);
			path = CATastrophe;
			sourceTree = "<group>";
		};
		7BF1F93625B9F23800AC8E68 /* Preview Content */ = {
			isa = PBXGroup;
			children = (
				7BF1F93725B9F23800AC8E68 /* Preview Assets.xcassets */,
			);
			path = "Preview Content";
			sourceTree = "<group>";
		};
		7BF1F94625B9F23800AC8E68 /* CATastropheTests */ = {
			isa = PBXGroup;
			children = (
				7BF1F94725B9F23800AC8E68 /* CATastropheTests.swift */,
				7BF1F94925B9F23800AC8E68 /* Info.plist */,
			);
			path = CATastropheTests;
			sourceTree = "<group>";
		};
		7BF1F95125B9F23800AC8E68 /* CATastropheUITests */ = {
			isa = PBXGroup;
			children = (
				7BF1F95225B9F23800AC8E68 /* CATastropheUITests.swift */,
				7BF1F95425B9F23800AC8E68 /* Info.plist */,
			);
			path = CATastropheUITests;
			sourceTree = "<group>";
		};
		7BF1F96325B9F2C900AC8E68 /* Model */ = {
			isa = PBXGroup;
			children = (
				7BF1F96B25BA284000AC8E68 /* Category.swift */,
				7BF1F97025BA285500AC8E68 /* CatImage.swift */,
			);
			path = Model;
			sourceTree = "<group>";
		};
		7BF1F96425B9F2D200AC8E68 /* ViewModel */ = {
			isa = PBXGroup;
			children = (
				7BF1F99B25BF380A00AC8E68 /* CatVoteViewModel.swift */,
			);
			path = ViewModel;
			sourceTree = "<group>";
		};
		7BF1F96525B9F2D900AC8E68 /* View */ = {
			isa = PBXGroup;
			children = (
				7BF1F99625BF37F100AC8E68 /* CatVoteView.swift */,
			);
			path = View;
			sourceTree = "<group>";
		};
		7BF1F96625B9F2E000AC8E68 /* WebService */ = {
			isa = PBXGroup;
			children = (
				7BF1F97825BB5DEC00AC8E68 /* APICall.swift */,
			);
			path = WebService;
			sourceTree = "<group>";
		};
		7BF1F96725B9F2F200AC8E68 /* LocalDataBase */ = {
			isa = PBXGroup;
			children = (
				7BF1F98825BB84E000AC8E68 /* CategoryCD+CoreDataClass.swift */,
				7BF1F98925BB84E000AC8E68 /* CategoryCD+CoreDataProperties.swift */,
				7BF1F98A25BB84E000AC8E68 /* CatUpvote+CoreDataClass.swift */,
				7BF1F98B25BB84E000AC8E68 /* CatUpvote+CoreDataProperties.swift */,
			);
			path = LocalDataBase;
			sourceTree = "<group>";
		};
/* End PBXGroup section */

/* Begin PBXNativeTarget section */
		7BF1F92C25B9F23600AC8E68 /* CATastrophe */ = {
			isa = PBXNativeTarget;
			buildConfigurationList = 7BF1F95725B9F23800AC8E68 /* Build configuration list for PBXNativeTarget "CATastrophe" */;
			buildPhases = (
				7BF1F92925B9F23600AC8E68 /* Sources */,
				7BF1F92A25B9F23600AC8E68 /* Frameworks */,
				7BF1F92B25B9F23600AC8E68 /* Resources */,
			);
			buildRules = (
			);
			dependencies = (
			);
			name = CATastrophe;
			productName = CATastrophe;
			productReference = 7BF1F92D25B9F23600AC8E68 /* CATastrophe.app */;
			productType = "com.apple.product-type.application";
		};
		7BF1F94225B9F23800AC8E68 /* CATastropheTests */ = {
			isa = PBXNativeTarget;
			buildConfigurationList = 7BF1F95A25B9F23800AC8E68 /* Build configuration list for PBXNativeTarget "CATastropheTests" */;
			buildPhases = (
				7BF1F93F25B9F23800AC8E68 /* Sources */,
				7BF1F94025B9F23800AC8E68 /* Frameworks */,
				7BF1F94125B9F23800AC8E68 /* Resources */,
			);
			buildRules = (
			);
			dependencies = (
				7BF1F94525B9F23800AC8E68 /* PBXTargetDependency */,
			);
			name = CATastropheTests;
			productName = CATastropheTests;
			productReference = 7BF1F94325B9F23800AC8E68 /* CATastropheTests.xctest */;
			productType = "com.apple.product-type.bundle.unit-test";
		};
		7BF1F94D25B9F23800AC8E68 /* CATastropheUITests */ = {
			isa = PBXNativeTarget;
			buildConfigurationList = 7BF1F95D25B9F23800AC8E68 /* Build configuration list for PBXNativeTarget "CATastropheUITests" */;
			buildPhases = (
				7BF1F94A25B9F23800AC8E68 /* Sources */,
				7BF1F94B25B9F23800AC8E68 /* Frameworks */,
				7BF1F94C25B9F23800AC8E68 /* Resources */,
			);
			buildRules = (
			);
			dependencies = (
				7BF1F95025B9F23800AC8E68 /* PBXTargetDependency */,
			);
			name = CATastropheUITests;
			productName = CATastropheUITests;
			productReference = 7BF1F94E25B9F23800AC8E68 /* CATastropheUITests.xctest */;
			productType = "com.apple.product-type.bundle.ui-testing";
		};
/* End PBXNativeTarget section */

/* Begin PBXProject section */
		7BF1F92525B9F23600AC8E68 /* Project object */ = {
			isa = PBXProject;
			attributes = {
				LastSwiftUpdateCheck = 1220;
				LastUpgradeCheck = 1220;
				TargetAttributes = {
					7BF1F92C25B9F23600AC8E68 = {
						CreatedOnToolsVersion = 12.2;
					};
					7BF1F94225B9F23800AC8E68 = {
						CreatedOnToolsVersion = 12.2;
						TestTargetID = 7BF1F92C25B9F23600AC8E68;
					};
					7BF1F94D25B9F23800AC8E68 = {
						CreatedOnToolsVersion = 12.2;
						TestTargetID = 7BF1F92C25B9F23600AC8E68;
					};
				};
			};
			buildConfigurationList = 7BF1F92825B9F23600AC8E68 /* Build configuration list for PBXProject "CATastrophe" */;
			compatibilityVersion = "Xcode 9.3";
			developmentRegion = en;
			hasScannedForEncodings = 0;
			knownRegions = (
				en,
				Base,
			);
			mainGroup = 7BF1F92425B9F23600AC8E68;
			productRefGroup = 7BF1F92E25B9F23600AC8E68 /* Products */;
			projectDirPath = "";
			projectRoot = "";
			targets = (
				7BF1F92C25B9F23600AC8E68 /* CATastrophe */,
				7BF1F94225B9F23800AC8E68 /* CATastropheTests */,
				7BF1F94D25B9F23800AC8E68 /* CATastropheUITests */,
			);
		};
/* End PBXProject section */

/* Begin PBXResourcesBuildPhase section */
		7BF1F92B25B9F23600AC8E68 /* Resources */ = {
			isa = PBXResourcesBuildPhase;
			buildActionMask = 2147483647;
			files = (
				7BF1F93825B9F23800AC8E68 /* Preview Assets.xcassets in Resources */,
				7BF1F93525B9F23800AC8E68 /* Assets.xcassets in Resources */,
			);
			runOnlyForDeploymentPostprocessing = 0;
		};
		7BF1F94125B9F23800AC8E68 /* Resources */ = {
			isa = PBXResourcesBuildPhase;
			buildActionMask = 2147483647;
			files = (
			);
			runOnlyForDeploymentPostprocessing = 0;
		};
		7BF1F94C25B9F23800AC8E68 /* Resources */ = {
			isa = PBXResourcesBuildPhase;
			buildActionMask = 2147483647;
			files = (
			);
			runOnlyForDeploymentPostprocessing = 0;
		};
/* End PBXResourcesBuildPhase section */

/* Begin PBXSourcesBuildPhase section */
		7BF1F92925B9F23600AC8E68 /* Sources */ = {
			isa = PBXSourcesBuildPhase;
			buildActionMask = 2147483647;
			files = (
				7B9CD01325BF42970025508C /* CATastrophe.xcdatamodeld in Sources */,
				7BF1F93A25B9F23800AC8E68 /* Persistence.swift in Sources */,
				7BF1F99C25BF380A00AC8E68 /* CatVoteViewModel.swift in Sources */,
				7BF1F96C25BA284000AC8E68 /* Category.swift in Sources */,
				7BF1F98C25BB84E000AC8E68 /* CategoryCD+CoreDataClass.swift in Sources */,
				7BF1F98F25BB84E000AC8E68 /* CatUpvote+CoreDataProperties.swift in Sources */,
				7BF1F93325B9F23600AC8E68 /* ContentView.swift in Sources */,
				7BF1F99725BF37F100AC8E68 /* CatVoteView.swift in Sources */,
				7BF1F98E25BB84E000AC8E68 /* CatUpvote+CoreDataClass.swift in Sources */,
				7BF1F97125BA285500AC8E68 /* CatImage.swift in Sources */,
				7BF1F97925BB5DEC00AC8E68 /* APICall.swift in Sources */,
				7BF1F98D25BB84E000AC8E68 /* CategoryCD+CoreDataProperties.swift in Sources */,
				7BF1F93125B9F23600AC8E68 /* CATastropheApp.swift in Sources */,
			);
			runOnlyForDeploymentPostprocessing = 0;
		};
		7BF1F93F25B9F23800AC8E68 /* Sources */ = {
			isa = PBXSourcesBuildPhase;
			buildActionMask = 2147483647;
			files = (
				7BF1F94825B9F23800AC8E68 /* CATastropheTests.swift in Sources */,
			);
			runOnlyForDeploymentPostprocessing = 0;
		};
		7BF1F94A25B9F23800AC8E68 /* Sources */ = {
			isa = PBXSourcesBuildPhase;
			buildActionMask = 2147483647;
			files = (
				7BF1F95325B9F23800AC8E68 /* CATastropheUITests.swift in Sources */,
			);
			runOnlyForDeploymentPostprocessing = 0;
		};
/* End PBXSourcesBuildPhase section */

/* Begin PBXTargetDependency section */
		7BF1F94525B9F23800AC8E68 /* PBXTargetDependency */ = {
			isa = PBXTargetDependency;
			target = 7BF1F92C25B9F23600AC8E68 /* CATastrophe */;
			targetProxy = 7BF1F94425B9F23800AC8E68 /* PBXContainerItemProxy */;
		};
		7BF1F95025B9F23800AC8E68 /* PBXTargetDependency */ = {
			isa = PBXTargetDependency;
			target = 7BF1F92C25B9F23600AC8E68 /* CATastrophe */;
			targetProxy = 7BF1F94F25B9F23800AC8E68 /* PBXContainerItemProxy */;
		};
/* End PBXTargetDependency section */

/* Begin XCBuildConfiguration section */
		7BF1F95525B9F23800AC8E68 /* Debug */ = {
			isa = XCBuildConfiguration;
			buildSettings = {
				ALWAYS_SEARCH_USER_PATHS = NO;
				CLANG_ANALYZER_NONNULL = YES;
				CLANG_ANALYZER_NUMBER_OBJECT_CONVERSION = YES_AGGRESSIVE;
				CLANG_CXX_LANGUAGE_STANDARD = "gnu++14";
				CLANG_CXX_LIBRARY = "libc++";
				CLANG_ENABLE_MODULES = YES;
				CLANG_ENABLE_OBJC_ARC = YES;
				CLANG_ENABLE_OBJC_WEAK = YES;
				CLANG_WARN_BLOCK_CAPTURE_AUTORELEASING = YES;
				CLANG_WARN_BOOL_CONVERSION = YES;
				CLANG_WARN_COMMA = YES;
				CLANG_WARN_CONSTANT_CONVERSION = YES;
				CLANG_WARN_DEPRECATED_OBJC_IMPLEMENTATIONS = YES;
				CLANG_WARN_DIRECT_OBJC_ISA_USAGE = YES_ERROR;
				CLANG_WARN_DOCUMENTATION_COMMENTS = YES;
				CLANG_WARN_EMPTY_BODY = YES;
				CLANG_WARN_ENUM_CONVERSION = YES;
				CLANG_WARN_INFINITE_RECURSION = YES;
				CLANG_WARN_INT_CONVERSION = YES;
				CLANG_WARN_NON_LITERAL_NULL_CONVERSION = YES;
				CLANG_WARN_OBJC_IMPLICIT_RETAIN_SELF = YES;
				CLANG_WARN_OBJC_LITERAL_CONVERSION = YES;
				CLANG_WARN_OBJC_ROOT_CLASS = YES_ERROR;
				CLANG_WARN_QUOTED_INCLUDE_IN_FRAMEWORK_HEADER = YES;
				CLANG_WARN_RANGE_LOOP_ANALYSIS = YES;
				CLANG_WARN_STRICT_PROTOTYPES = YES;
				CLANG_WARN_SUSPICIOUS_MOVE = YES;
				CLANG_WARN_UNGUARDED_AVAILABILITY = YES_AGGRESSIVE;
				CLANG_WARN_UNREACHABLE_CODE = YES;
				CLANG_WARN__DUPLICATE_METHOD_MATCH = YES;
				COPY_PHASE_STRIP = NO;
				DEBUG_INFORMATION_FORMAT = dwarf;
				ENABLE_STRICT_OBJC_MSGSEND = YES;
				ENABLE_TESTABILITY = YES;
				GCC_C_LANGUAGE_STANDARD = gnu11;
				GCC_DYNAMIC_NO_PIC = NO;
				GCC_NO_COMMON_BLOCKS = YES;
				GCC_OPTIMIZATION_LEVEL = 0;
				GCC_PREPROCESSOR_DEFINITIONS = (
					"DEBUG=1",
					"$(inherited)",
				);
				GCC_WARN_64_TO_32_BIT_CONVERSION = YES;
				GCC_WARN_ABOUT_RETURN_TYPE = YES_ERROR;
				GCC_WARN_UNDECLARED_SELECTOR = YES;
				GCC_WARN_UNINITIALIZED_AUTOS = YES_AGGRESSIVE;
				GCC_WARN_UNUSED_FUNCTION = YES;
				GCC_WARN_UNUSED_VARIABLE = YES;
				IPHONEOS_DEPLOYMENT_TARGET = 14.2;
				MTL_ENABLE_DEBUG_INFO = INCLUDE_SOURCE;
				MTL_FAST_MATH = YES;
				ONLY_ACTIVE_ARCH = YES;
				SDKROOT = iphoneos;
				SWIFT_ACTIVE_COMPILATION_CONDITIONS = DEBUG;
				SWIFT_OPTIMIZATION_LEVEL = "-Onone";
			};
			name = Debug;
		};
		7BF1F95625B9F23800AC8E68 /* Release */ = {
			isa = XCBuildConfiguration;
			buildSettings = {
				ALWAYS_SEARCH_USER_PATHS = NO;
				CLANG_ANALYZER_NONNULL = YES;
				CLANG_ANALYZER_NUMBER_OBJECT_CONVERSION = YES_AGGRESSIVE;
				CLANG_CXX_LANGUAGE_STANDARD = "gnu++14";
				CLANG_CXX_LIBRARY = "libc++";
				CLANG_ENABLE_MODULES = YES;
				CLANG_ENABLE_OBJC_ARC = YES;
				CLANG_ENABLE_OBJC_WEAK = YES;
				CLANG_WARN_BLOCK_CAPTURE_AUTORELEASING = YES;
				CLANG_WARN_BOOL_CONVERSION = YES;
				CLANG_WARN_COMMA = YES;
				CLANG_WARN_CONSTANT_CONVERSION = YES;
				CLANG_WARN_DEPRECATED_OBJC_IMPLEMENTATIONS = YES;
				CLANG_WARN_DIRECT_OBJC_ISA_USAGE = YES_ERROR;
				CLANG_WARN_DOCUMENTATION_COMMENTS = YES;
				CLANG_WARN_EMPTY_BODY = YES;
				CLANG_WARN_ENUM_CONVERSION = YES;
				CLANG_WARN_INFINITE_RECURSION = YES;
				CLANG_WARN_INT_CONVERSION = YES;
				CLANG_WARN_NON_LITERAL_NULL_CONVERSION = YES;
				CLANG_WARN_OBJC_IMPLICIT_RETAIN_SELF = YES;
				CLANG_WARN_OBJC_LITERAL_CONVERSION = YES;
				CLANG_WARN_OBJC_ROOT_CLASS = YES_ERROR;
				CLANG_WARN_QUOTED_INCLUDE_IN_FRAMEWORK_HEADER = YES;
				CLANG_WARN_RANGE_LOOP_ANALYSIS = YES;
				CLANG_WARN_STRICT_PROTOTYPES = YES;
				CLANG_WARN_SUSPICIOUS_MOVE = YES;
				CLANG_WARN_UNGUARDED_AVAILABILITY = YES_AGGRESSIVE;
				CLANG_WARN_UNREACHABLE_CODE = YES;
				CLANG_WARN__DUPLICATE_METHOD_MATCH = YES;
				COPY_PHASE_STRIP = NO;
				DEBUG_INFORMATION_FORMAT = "dwarf-with-dsym";
				ENABLE_NS_ASSERTIONS = NO;
				ENABLE_STRICT_OBJC_MSGSEND = YES;
				GCC_C_LANGUAGE_STANDARD = gnu11;
				GCC_NO_COMMON_BLOCKS = YES;
				GCC_WARN_64_TO_32_BIT_CONVERSION = YES;
				GCC_WARN_ABOUT_RETURN_TYPE = YES_ERROR;
				GCC_WARN_UNDECLARED_SELECTOR = YES;
				GCC_WARN_UNINITIALIZED_AUTOS = YES_AGGRESSIVE;
				GCC_WARN_UNUSED_FUNCTION = YES;
				GCC_WARN_UNUSED_VARIABLE = YES;
				IPHONEOS_DEPLOYMENT_TARGET = 14.2;
				MTL_ENABLE_DEBUG_INFO = NO;
				MTL_FAST_MATH = YES;
				SDKROOT = iphoneos;
				SWIFT_COMPILATION_MODE = wholemodule;
				SWIFT_OPTIMIZATION_LEVEL = "-O";
				VALIDATE_PRODUCT = YES;
			};
			name = Release;
		};
		7BF1F95825B9F23800AC8E68 /* Debug */ = {
			isa = XCBuildConfiguration;
			buildSettings = {
				ASSETCATALOG_COMPILER_APPICON_NAME = AppIcon;
				ASSETCATALOG_COMPILER_GLOBAL_ACCENT_COLOR_NAME = AccentColor;
				CODE_SIGN_STYLE = Automatic;
				DEVELOPMENT_ASSET_PATHS = "\"CATastrophe/Preview Content\"";
				DEVELOPMENT_TEAM = Q6B7N567Z6;
				ENABLE_PREVIEWS = YES;
				INFOPLIST_FILE = CATastrophe/Info.plist;
				IPHONEOS_DEPLOYMENT_TARGET = 14.0;
				LD_RUNPATH_SEARCH_PATHS = (
					"$(inherited)",
					"@executable_path/Frameworks",
				);
				PRODUCT_BUNDLE_IDENTIFIER = team.CATastrophe;
				PRODUCT_NAME = "$(TARGET_NAME)";
				SWIFT_VERSION = 5.0;
				TARGETED_DEVICE_FAMILY = "1,2";
			};
			name = Debug;
		};
		7BF1F95925B9F23800AC8E68 /* Release */ = {
			isa = XCBuildConfiguration;
			buildSettings = {
				ASSETCATALOG_COMPILER_APPICON_NAME = AppIcon;
				ASSETCATALOG_COMPILER_GLOBAL_ACCENT_COLOR_NAME = AccentColor;
				CODE_SIGN_STYLE = Automatic;
				DEVELOPMENT_ASSET_PATHS = "\"CATastrophe/Preview Content\"";
				DEVELOPMENT_TEAM = Q6B7N567Z6;
				ENABLE_PREVIEWS = YES;
				INFOPLIST_FILE = CATastrophe/Info.plist;
				IPHONEOS_DEPLOYMENT_TARGET = 14.0;
				LD_RUNPATH_SEARCH_PATHS = (
					"$(inherited)",
					"@executable_path/Frameworks",
				);
				PRODUCT_BUNDLE_IDENTIFIER = team.CATastrophe;
				PRODUCT_NAME = "$(TARGET_NAME)";
				SWIFT_VERSION = 5.0;
				TARGETED_DEVICE_FAMILY = "1,2";
			};
			name = Release;
		};
		7BF1F95B25B9F23800AC8E68 /* Debug */ = {
			isa = XCBuildConfiguration;
			buildSettings = {
				ALWAYS_EMBED_SWIFT_STANDARD_LIBRARIES = YES;
				BUNDLE_LOADER = "$(TEST_HOST)";
				CODE_SIGN_STYLE = Automatic;
				DEVELOPMENT_TEAM = Q6B7N567Z6;
				INFOPLIST_FILE = CATastropheTests/Info.plist;
				IPHONEOS_DEPLOYMENT_TARGET = 14.0;
				LD_RUNPATH_SEARCH_PATHS = (
					"$(inherited)",
					"@executable_path/Frameworks",
					"@loader_path/Frameworks",
				);
				PRODUCT_BUNDLE_IDENTIFIER = team.CATastropheTests;
				PRODUCT_NAME = "$(TARGET_NAME)";
				SWIFT_VERSION = 5.0;
				TARGETED_DEVICE_FAMILY = "1,2";
				TEST_HOST = "$(BUILT_PRODUCTS_DIR)/CATastrophe.app/CATastrophe";
			};
			name = Debug;
		};
		7BF1F95C25B9F23800AC8E68 /* Release */ = {
			isa = XCBuildConfiguration;
			buildSettings = {
				ALWAYS_EMBED_SWIFT_STANDARD_LIBRARIES = YES;
				BUNDLE_LOADER = "$(TEST_HOST)";
				CODE_SIGN_STYLE = Automatic;
				DEVELOPMENT_TEAM = Q6B7N567Z6;
				INFOPLIST_FILE = CATastropheTests/Info.plist;
				IPHONEOS_DEPLOYMENT_TARGET = 14.0;
				LD_RUNPATH_SEARCH_PATHS = (
					"$(inherited)",
					"@executable_path/Frameworks",
					"@loader_path/Frameworks",
				);
				PRODUCT_BUNDLE_IDENTIFIER = team.CATastropheTests;
				PRODUCT_NAME = "$(TARGET_NAME)";
				SWIFT_VERSION = 5.0;
				TARGETED_DEVICE_FAMILY = "1,2";
				TEST_HOST = "$(BUILT_PRODUCTS_DIR)/CATastrophe.app/CATastrophe";
			};
			name = Release;
		};
		7BF1F95E25B9F23800AC8E68 /* Debug */ = {
			isa = XCBuildConfiguration;
			buildSettings = {
				ALWAYS_EMBED_SWIFT_STANDARD_LIBRARIES = YES;
				CODE_SIGN_STYLE = Automatic;
				DEVELOPMENT_TEAM = Q6B7N567Z6;
				INFOPLIST_FILE = CATastropheUITests/Info.plist;
				LD_RUNPATH_SEARCH_PATHS = (
					"$(inherited)",
					"@executable_path/Frameworks",
					"@loader_path/Frameworks",
				);
				PRODUCT_BUNDLE_IDENTIFIER = team.CATastropheUITests;
				PRODUCT_NAME = "$(TARGET_NAME)";
				SWIFT_VERSION = 5.0;
				TARGETED_DEVICE_FAMILY = "1,2";
				TEST_TARGET_NAME = CATastrophe;
			};
			name = Debug;
		};
		7BF1F95F25B9F23800AC8E68 /* Release */ = {
			isa = XCBuildConfiguration;
			buildSettings = {
				ALWAYS_EMBED_SWIFT_STANDARD_LIBRARIES = YES;
				CODE_SIGN_STYLE = Automatic;
				DEVELOPMENT_TEAM = Q6B7N567Z6;
				INFOPLIST_FILE = CATastropheUITests/Info.plist;
				LD_RUNPATH_SEARCH_PATHS = (
					"$(inherited)",
					"@executable_path/Frameworks",
					"@loader_path/Frameworks",
				);
				PRODUCT_BUNDLE_IDENTIFIER = team.CATastropheUITests;
				PRODUCT_NAME = "$(TARGET_NAME)";
				SWIFT_VERSION = 5.0;
				TARGETED_DEVICE_FAMILY = "1,2";
				TEST_TARGET_NAME = CATastrophe;
			};
			name = Release;
		};
/* End XCBuildConfiguration section */

/* Begin XCConfigurationList section */
		7BF1F92825B9F23600AC8E68 /* Build configuration list for PBXProject "CATastrophe" */ = {
			isa = XCConfigurationList;
			buildConfigurations = (
				7BF1F95525B9F23800AC8E68 /* Debug */,
				7BF1F95625B9F23800AC8E68 /* Release */,
			);
			defaultConfigurationIsVisible = 0;
			defaultConfigurationName = Release;
		};
		7BF1F95725B9F23800AC8E68 /* Build configuration list for PBXNativeTarget "CATastrophe" */ = {
			isa = XCConfigurationList;
			buildConfigurations = (
				7BF1F95825B9F23800AC8E68 /* Debug */,
				7BF1F95925B9F23800AC8E68 /* Release */,
			);
			defaultConfigurationIsVisible = 0;
			defaultConfigurationName = Release;
		};
		7BF1F95A25B9F23800AC8E68 /* Build configuration list for PBXNativeTarget "CATastropheTests" */ = {
			isa = XCConfigurationList;
			buildConfigurations = (
				7BF1F95B25B9F23800AC8E68 /* Debug */,
				7BF1F95C25B9F23800AC8E68 /* Release */,
			);
			defaultConfigurationIsVisible = 0;
			defaultConfigurationName = Release;
		};
		7BF1F95D25B9F23800AC8E68 /* Build configuration list for PBXNativeTarget "CATastropheUITests" */ = {
			isa = XCConfigurationList;
			buildConfigurations = (
				7BF1F95E25B9F23800AC8E68 /* Debug */,
				7BF1F95F25B9F23800AC8E68 /* Release */,
			);
			defaultConfigurationIsVisible = 0;
			defaultConfigurationName = Release;
		};
/* End XCConfigurationList section */

/* Begin XCVersionGroup section */
		7BF1F93B25B9F23800AC8E68 /* CATastrophe.xcdatamodeld */ = {
			isa = XCVersionGroup;
			children = (
				7BF1F93C25B9F23800AC8E68 /* CATastrophe.xcdatamodel */,
			);
			currentVersion = 7BF1F93C25B9F23800AC8E68 /* CATastrophe.xcdatamodel */;
			path = CATastrophe.xcdatamodeld;
			sourceTree = "<group>";
			versionGroupType = wrapper.xcdatamodel;
		};
/* End XCVersionGroup section */
	};
	rootObject = 7BF1F92525B9F23600AC8E68 /* Project object */;
}
